// !$*UTF8*$!
{
	archiveVersion = 1;
	classes = {
	};
	objectVersion = 56;
	objects = {

/* Begin PBXBuildFile section */
		41249C3D2BE0D146004A6AEC /* TutorialSwiftUIApp.swift in Sources */ = {isa = PBXBuildFile; fileRef = 41249C3C2BE0D146004A6AEC /* TutorialSwiftUIApp.swift */; };
		41249C3F2BE0D146004A6AEC /* ContentView.swift in Sources */ = {isa = PBXBuildFile; fileRef = 41249C3E2BE0D146004A6AEC /* ContentView.swift */; };
		41249C412BE0D148004A6AEC /* Assets.xcassets in Resources */ = {isa = PBXBuildFile; fileRef = 41249C402BE0D148004A6AEC /* Assets.xcassets */; };
		41249C442BE0D148004A6AEC /* Preview Assets.xcassets in Resources */ = {isa = PBXBuildFile; fileRef = 41249C432BE0D148004A6AEC /* Preview Assets.xcassets */; };
		9FE0F2072BE0E27D00467477 /* QuizView.swift in Sources */ = {isa = PBXBuildFile; fileRef = 9FE0F2062BE0E27D00467477 /* QuizView.swift */; };
		9FE0F2272BE1CCB800467477 /* TextView.swift in Sources */ = {isa = PBXBuildFile; fileRef = 9FE0F2262BE1CCB800467477 /* TextView.swift */; };
		9FE0F2362BE2090E00467477 /* TextFieldView.swift in Sources */ = {isa = PBXBuildFile; fileRef = 9FE0F2352BE2090E00467477 /* TextFieldView.swift */; };
		9FE0F2382BE2091F00467477 /* ImageView.swift in Sources */ = {isa = PBXBuildFile; fileRef = 9FE0F2372BE2091F00467477 /* ImageView.swift */; };
		9FE0F23C2BE3163B00467477 /* SFSymbolsView.swift in Sources */ = {isa = PBXBuildFile; fileRef = 9FE0F23B2BE3163B00467477 /* SFSymbolsView.swift */; };
		9FE0F23E2BE32D3400467477 /* LabelView.swift in Sources */ = {isa = PBXBuildFile; fileRef = 9FE0F23D2BE32D3400467477 /* LabelView.swift */; };
		CE83B6652BE0D6E100DDBDBE /* TemplateDetailView.swift in Sources */ = {isa = PBXBuildFile; fileRef = CE83B6642BE0D6E100DDBDBE /* TemplateDetailView.swift */; };
/* End PBXBuildFile section */

/* Begin PBXFileReference section */
		41249C392BE0D146004A6AEC /* TutorialSwiftUI.app */ = {isa = PBXFileReference; explicitFileType = wrapper.application; includeInIndex = 0; path = TutorialSwiftUI.app; sourceTree = BUILT_PRODUCTS_DIR; };
		41249C3C2BE0D146004A6AEC /* TutorialSwiftUIApp.swift */ = {isa = PBXFileReference; lastKnownFileType = sourcecode.swift; path = TutorialSwiftUIApp.swift; sourceTree = "<group>"; };
		41249C3E2BE0D146004A6AEC /* ContentView.swift */ = {isa = PBXFileReference; lastKnownFileType = sourcecode.swift; path = ContentView.swift; sourceTree = "<group>"; };
		41249C402BE0D148004A6AEC /* Assets.xcassets */ = {isa = PBXFileReference; lastKnownFileType = folder.assetcatalog; path = Assets.xcassets; sourceTree = "<group>"; };
		41249C432BE0D148004A6AEC /* Preview Assets.xcassets */ = {isa = PBXFileReference; lastKnownFileType = folder.assetcatalog; path = "Preview Assets.xcassets"; sourceTree = "<group>"; };
		9FE0F2062BE0E27D00467477 /* QuizView.swift */ = {isa = PBXFileReference; lastKnownFileType = sourcecode.swift; path = QuizView.swift; sourceTree = "<group>"; };
		9FE0F2262BE1CCB800467477 /* TextView.swift */ = {isa = PBXFileReference; lastKnownFileType = sourcecode.swift; path = TextView.swift; sourceTree = "<group>"; };
		9FE0F2352BE2090E00467477 /* TextFieldView.swift */ = {isa = PBXFileReference; lastKnownFileType = sourcecode.swift; path = TextFieldView.swift; sourceTree = "<group>"; };
		9FE0F2372BE2091F00467477 /* ImageView.swift */ = {isa = PBXFileReference; lastKnownFileType = sourcecode.swift; path = ImageView.swift; sourceTree = "<group>"; };
		9FE0F23B2BE3163B00467477 /* SFSymbolsView.swift */ = {isa = PBXFileReference; lastKnownFileType = sourcecode.swift; path = SFSymbolsView.swift; sourceTree = "<group>"; };
		9FE0F23D2BE32D3400467477 /* LabelView.swift */ = {isa = PBXFileReference; lastKnownFileType = sourcecode.swift; path = LabelView.swift; sourceTree = "<group>"; };
		CE83B6642BE0D6E100DDBDBE /* TemplateDetailView.swift */ = {isa = PBXFileReference; lastKnownFileType = sourcecode.swift; path = TemplateDetailView.swift; sourceTree = "<group>"; };
/* End PBXFileReference section */

/* Begin PBXFrameworksBuildPhase section */
		41249C362BE0D146004A6AEC /* Frameworks */ = {
			isa = PBXFrameworksBuildPhase;
			buildActionMask = 2147483647;
			files = (
			);
			runOnlyForDeploymentPostprocessing = 0;
		};
/* End PBXFrameworksBuildPhase section */

/* Begin PBXGroup section */
		41249C302BE0D146004A6AEC = {
			isa = PBXGroup;
			children = (
				41249C3B2BE0D146004A6AEC /* TutorialSwiftUI */,
				41249C3A2BE0D146004A6AEC /* Products */,
			);
			sourceTree = "<group>";
		};
		41249C3A2BE0D146004A6AEC /* Products */ = {
			isa = PBXGroup;
			children = (
				41249C392BE0D146004A6AEC /* TutorialSwiftUI.app */,
			);
			name = Products;
			sourceTree = "<group>";
		};
		41249C3B2BE0D146004A6AEC /* TutorialSwiftUI */ = {
			isa = PBXGroup;
			children = (
				CE83B6642BE0D6E100DDBDBE /* TemplateDetailView.swift */,
				41249C3C2BE0D146004A6AEC /* TutorialSwiftUIApp.swift */,
				41249C3E2BE0D146004A6AEC /* ContentView.swift */,
				9FE0F2252BE1CC5E00467477 /* Quiz */,
				9FE0F2242BE1CC4F00467477 /* Contents */,
				41249C402BE0D148004A6AEC /* Assets.xcassets */,
				41249C422BE0D148004A6AEC /* Preview Content */,
			);
			path = TutorialSwiftUI;
			sourceTree = "<group>";
		};
		41249C422BE0D148004A6AEC /* Preview Content */ = {
			isa = PBXGroup;
			children = (
				41249C432BE0D148004A6AEC /* Preview Assets.xcassets */,
			);
			path = "Preview Content";
			sourceTree = "<group>";
		};
		9FE0F2242BE1CC4F00467477 /* Contents */ = {
			isa = PBXGroup;
			children = (
				9FE0F2262BE1CCB800467477 /* TextView.swift */,
				9FE0F2352BE2090E00467477 /* TextFieldView.swift */,
				9FE0F2372BE2091F00467477 /* ImageView.swift */,
				9FE0F23B2BE3163B00467477 /* SFSymbolsView.swift */,
				9FE0F23D2BE32D3400467477 /* LabelView.swift */,
			);
			path = Contents;
			sourceTree = "<group>";
		};
		9FE0F2252BE1CC5E00467477 /* Quiz */ = {
			isa = PBXGroup;
			children = (
				9FE0F2062BE0E27D00467477 /* QuizView.swift */,
			);
			path = Quiz;
			sourceTree = "<group>";
		};
/* End PBXGroup section */

/* Begin PBXNativeTarget section */
		41249C382BE0D146004A6AEC /* TutorialSwiftUI */ = {
			isa = PBXNativeTarget;
			buildConfigurationList = 41249C472BE0D148004A6AEC /* Build configuration list for PBXNativeTarget "TutorialSwiftUI" */;
			buildPhases = (
				41249C352BE0D146004A6AEC /* Sources */,
				41249C362BE0D146004A6AEC /* Frameworks */,
				41249C372BE0D146004A6AEC /* Resources */,
			);
			buildRules = (
			);
			dependencies = (
			);
			name = TutorialSwiftUI;
			productName = TutorialSwiftUI;
			productReference = 41249C392BE0D146004A6AEC /* TutorialSwiftUI.app */;
			productType = "com.apple.product-type.application";
		};
/* End PBXNativeTarget section */

/* Begin PBXProject section */
		41249C312BE0D146004A6AEC /* Project object */ = {
			isa = PBXProject;
			attributes = {
				BuildIndependentTargetsInParallel = 1;
				LastSwiftUpdateCheck = 1530;
				LastUpgradeCheck = 1530;
				TargetAttributes = {
					41249C382BE0D146004A6AEC = {
						CreatedOnToolsVersion = 15.3;
					};
				};
			};
			buildConfigurationList = 41249C342BE0D146004A6AEC /* Build configuration list for PBXProject "TutorialSwiftUI" */;
			compatibilityVersion = "Xcode 14.0";
			developmentRegion = en;
			hasScannedForEncodings = 0;
			knownRegions = (
				en,
				Base,
			);
			mainGroup = 41249C302BE0D146004A6AEC;
			productRefGroup = 41249C3A2BE0D146004A6AEC /* Products */;
			projectDirPath = "";
			projectRoot = "";
			targets = (
				41249C382BE0D146004A6AEC /* TutorialSwiftUI */,
			);
		};
/* End PBXProject section */

/* Begin PBXResourcesBuildPhase section */
		41249C372BE0D146004A6AEC /* Resources */ = {
			isa = PBXResourcesBuildPhase;
			buildActionMask = 2147483647;
			files = (
				41249C442BE0D148004A6AEC /* Preview Assets.xcassets in Resources */,
				41249C412BE0D148004A6AEC /* Assets.xcassets in Resources */,
			);
			runOnlyForDeploymentPostprocessing = 0;
		};
/* End PBXResourcesBuildPhase section */

/* Begin PBXSourcesBuildPhase section */
		41249C352BE0D146004A6AEC /* Sources */ = {
			isa = PBXSourcesBuildPhase;
			buildActionMask = 2147483647;
			files = (
				CE83B6652BE0D6E100DDBDBE /* TemplateDetailView.swift in Sources */,
				9FE0F2072BE0E27D00467477 /* QuizView.swift in Sources */,
				9FE0F23E2BE32D3400467477 /* LabelView.swift in Sources */,
				9FE0F2362BE2090E00467477 /* TextFieldView.swift in Sources */,
				9FE0F23C2BE3163B00467477 /* SFSymbolsView.swift in Sources */,
				41249C3F2BE0D146004A6AEC /* ContentView.swift in Sources */,
				41249C3D2BE0D146004A6AEC /* TutorialSwiftUIApp.swift in Sources */,
				9FE0F2382BE2091F00467477 /* ImageView.swift in Sources */,
				9FE0F2272BE1CCB800467477 /* TextView.swift in Sources */,
			);
			runOnlyForDeploymentPostprocessing = 0;
		};
/* End PBXSourcesBuildPhase section */

/* Begin XCBuildConfiguration section */
		41249C452BE0D148004A6AEC /* Debug */ = {
			isa = XCBuildConfiguration;
			buildSettings = {
				ALWAYS_SEARCH_USER_PATHS = NO;
				ASSETCATALOG_COMPILER_GENERATE_SWIFT_ASSET_SYMBOL_EXTENSIONS = YES;
				CLANG_ANALYZER_NONNULL = YES;
				CLANG_ANALYZER_NUMBER_OBJECT_CONVERSION = YES_AGGRESSIVE;
				CLANG_CXX_LANGUAGE_STANDARD = "gnu++20";
				CLANG_ENABLE_MODULES = YES;
				CLANG_ENABLE_OBJC_ARC = YES;
				CLANG_ENABLE_OBJC_WEAK = YES;
				CLANG_WARN_BLOCK_CAPTURE_AUTORELEASING = YES;
				CLANG_WARN_BOOL_CONVERSION = YES;
				CLANG_WARN_COMMA = YES;
				CLANG_WARN_CONSTANT_CONVERSION = YES;
				CLANG_WARN_DEPRECATED_OBJC_IMPLEMENTATIONS = YES;
				CLANG_WARN_DIRECT_OBJC_ISA_USAGE = YES_ERROR;
				CLANG_WARN_DOCUMENTATION_COMMENTS = YES;
				CLANG_WARN_EMPTY_BODY = YES;
				CLANG_WARN_ENUM_CONVERSION = YES;
				CLANG_WARN_INFINITE_RECURSION = YES;
				CLANG_WARN_INT_CONVERSION = YES;
				CLANG_WARN_NON_LITERAL_NULL_CONVERSION = YES;
				CLANG_WARN_OBJC_IMPLICIT_RETAIN_SELF = YES;
				CLANG_WARN_OBJC_LITERAL_CONVERSION = YES;
				CLANG_WARN_OBJC_ROOT_CLASS = YES_ERROR;
				CLANG_WARN_QUOTED_INCLUDE_IN_FRAMEWORK_HEADER = YES;
				CLANG_WARN_RANGE_LOOP_ANALYSIS = YES;
				CLANG_WARN_STRICT_PROTOTYPES = YES;
				CLANG_WARN_SUSPICIOUS_MOVE = YES;
				CLANG_WARN_UNGUARDED_AVAILABILITY = YES_AGGRESSIVE;
				CLANG_WARN_UNREACHABLE_CODE = YES;
				CLANG_WARN__DUPLICATE_METHOD_MATCH = YES;
				COPY_PHASE_STRIP = NO;
				DEBUG_INFORMATION_FORMAT = dwarf;
				ENABLE_STRICT_OBJC_MSGSEND = YES;
				ENABLE_TESTABILITY = YES;
				ENABLE_USER_SCRIPT_SANDBOXING = YES;
				GCC_C_LANGUAGE_STANDARD = gnu17;
				GCC_DYNAMIC_NO_PIC = NO;
				GCC_NO_COMMON_BLOCKS = YES;
				GCC_OPTIMIZATION_LEVEL = 0;
				GCC_PREPROCESSOR_DEFINITIONS = (
					"DEBUG=1",
					"$(inherited)",
				);
				GCC_WARN_64_TO_32_BIT_CONVERSION = YES;
				GCC_WARN_ABOUT_RETURN_TYPE = YES_ERROR;
				GCC_WARN_UNDECLARED_SELECTOR = YES;
				GCC_WARN_UNINITIALIZED_AUTOS = YES_AGGRESSIVE;
				GCC_WARN_UNUSED_FUNCTION = YES;
				GCC_WARN_UNUSED_VARIABLE = YES;
				IPHONEOS_DEPLOYMENT_TARGET = 17.4;
				LOCALIZATION_PREFERS_STRING_CATALOGS = YES;
				MTL_ENABLE_DEBUG_INFO = INCLUDE_SOURCE;
				MTL_FAST_MATH = YES;
				ONLY_ACTIVE_ARCH = YES;
				SDKROOT = iphoneos;
				SWIFT_ACTIVE_COMPILATION_CONDITIONS = "DEBUG $(inherited)";
				SWIFT_OPTIMIZATION_LEVEL = "-Onone";
			};
			name = Debug;
		};
		41249C462BE0D148004A6AEC /* Release */ = {
			isa = XCBuildConfiguration;
			buildSettings = {
				ALWAYS_SEARCH_USER_PATHS = NO;
				ASSETCATALOG_COMPILER_GENERATE_SWIFT_ASSET_SYMBOL_EXTENSIONS = YES;
				CLANG_ANALYZER_NONNULL = YES;
				CLANG_ANALYZER_NUMBER_OBJECT_CONVERSION = YES_AGGRESSIVE;
				CLANG_CXX_LANGUAGE_STANDARD = "gnu++20";
				CLANG_ENABLE_MODULES = YES;
				CLANG_ENABLE_OBJC_ARC = YES;
				CLANG_ENABLE_OBJC_WEAK = YES;
				CLANG_WARN_BLOCK_CAPTURE_AUTORELEASING = YES;
				CLANG_WARN_BOOL_CONVERSION = YES;
				CLANG_WARN_COMMA = YES;
				CLANG_WARN_CONSTANT_CONVERSION = YES;
				CLANG_WARN_DEPRECATED_OBJC_IMPLEMENTATIONS = YES;
				CLANG_WARN_DIRECT_OBJC_ISA_USAGE = YES_ERROR;
				CLANG_WARN_DOCUMENTATION_COMMENTS = YES;
				CLANG_WARN_EMPTY_BODY = YES;
				CLANG_WARN_ENUM_CONVERSION = YES;
				CLANG_WARN_INFINITE_RECURSION = YES;
				CLANG_WARN_INT_CONVERSION = YES;
				CLANG_WARN_NON_LITERAL_NULL_CONVERSION = YES;
				CLANG_WARN_OBJC_IMPLICIT_RETAIN_SELF = YES;
				CLANG_WARN_OBJC_LITERAL_CONVERSION = YES;
				CLANG_WARN_OBJC_ROOT_CLASS = YES_ERROR;
				CLANG_WARN_QUOTED_INCLUDE_IN_FRAMEWORK_HEADER = YES;
				CLANG_WARN_RANGE_LOOP_ANALYSIS = YES;
				CLANG_WARN_STRICT_PROTOTYPES = YES;
				CLANG_WARN_SUSPICIOUS_MOVE = YES;
				CLANG_WARN_UNGUARDED_AVAILABILITY = YES_AGGRESSIVE;
				CLANG_WARN_UNREACHABLE_CODE = YES;
				CLANG_WARN__DUPLICATE_METHOD_MATCH = YES;
				COPY_PHASE_STRIP = NO;
				DEBUG_INFORMATION_FORMAT = "dwarf-with-dsym";
				ENABLE_NS_ASSERTIONS = NO;
				ENABLE_STRICT_OBJC_MSGSEND = YES;
				ENABLE_USER_SCRIPT_SANDBOXING = YES;
				GCC_C_LANGUAGE_STANDARD = gnu17;
				GCC_NO_COMMON_BLOCKS = YES;
				GCC_WARN_64_TO_32_BIT_CONVERSION = YES;
				GCC_WARN_ABOUT_RETURN_TYPE = YES_ERROR;
				GCC_WARN_UNDECLARED_SELECTOR = YES;
				GCC_WARN_UNINITIALIZED_AUTOS = YES_AGGRESSIVE;
				GCC_WARN_UNUSED_FUNCTION = YES;
				GCC_WARN_UNUSED_VARIABLE = YES;
				IPHONEOS_DEPLOYMENT_TARGET = 17.4;
				LOCALIZATION_PREFERS_STRING_CATALOGS = YES;
				MTL_ENABLE_DEBUG_INFO = NO;
				MTL_FAST_MATH = YES;
				SDKROOT = iphoneos;
				SWIFT_COMPILATION_MODE = wholemodule;
				VALIDATE_PRODUCT = YES;
			};
			name = Release;
		};
		41249C482BE0D148004A6AEC /* Debug */ = {
			isa = XCBuildConfiguration;
			buildSettings = {
				ASSETCATALOG_COMPILER_APPICON_NAME = AppIcon;
				ASSETCATALOG_COMPILER_GLOBAL_ACCENT_COLOR_NAME = AccentColor;
				CODE_SIGN_STYLE = Automatic;
				CURRENT_PROJECT_VERSION = 1;
				DEVELOPMENT_ASSET_PATHS = "\"TutorialSwiftUI/Preview Content\"";
				ENABLE_PREVIEWS = YES;
				GENERATE_INFOPLIST_FILE = YES;
				INFOPLIST_KEY_UIApplicationSceneManifest_Generation = YES;
				INFOPLIST_KEY_UIApplicationSupportsIndirectInputEvents = YES;
				INFOPLIST_KEY_UILaunchScreen_Generation = YES;
				INFOPLIST_KEY_UISupportedInterfaceOrientations_iPad = "UIInterfaceOrientationPortrait UIInterfaceOrientationPortraitUpsideDown UIInterfaceOrientationLandscapeLeft UIInterfaceOrientationLandscapeRight";
				INFOPLIST_KEY_UISupportedInterfaceOrientations_iPhone = "UIInterfaceOrientationPortrait UIInterfaceOrientationLandscapeLeft UIInterfaceOrientationLandscapeRight";
				LD_RUNPATH_SEARCH_PATHS = (
					"$(inherited)",
					"@executable_path/Frameworks",
				);
				MARKETING_VERSION = 1.0;
				PRODUCT_BUNDLE_IDENTIFIER = com.techit.LAB7.TutorialSwiftUI;
				PRODUCT_NAME = "$(TARGET_NAME)";
				SWIFT_EMIT_LOC_STRINGS = YES;
				SWIFT_VERSION = 5.0;
				TARGETED_DEVICE_FAMILY = "1,2";
			};
			name = Debug;
		};
		41249C492BE0D148004A6AEC /* Release */ = {
			isa = XCBuildConfiguration;
			buildSettings = {
				ASSETCATALOG_COMPILER_APPICON_NAME = AppIcon;
				ASSETCATALOG_COMPILER_GLOBAL_ACCENT_COLOR_NAME = AccentColor;
				CODE_SIGN_STYLE = Automatic;
				CURRENT_PROJECT_VERSION = 1;
				DEVELOPMENT_ASSET_PATHS = "\"TutorialSwiftUI/Preview Content\"";
				ENABLE_PREVIEWS = YES;
				GENERATE_INFOPLIST_FILE = YES;
				INFOPLIST_KEY_UIApplicationSceneManifest_Generation = YES;
				INFOPLIST_KEY_UIApplicationSupportsIndirectInputEvents = YES;
				INFOPLIST_KEY_UILaunchScreen_Generation = YES;
				INFOPLIST_KEY_UISupportedInterfaceOrientations_iPad = "UIInterfaceOrientationPortrait UIInterfaceOrientationPortraitUpsideDown UIInterfaceOrientationLandscapeLeft UIInterfaceOrientationLandscapeRight";
				INFOPLIST_KEY_UISupportedInterfaceOrientations_iPhone = "UIInterfaceOrientationPortrait UIInterfaceOrientationLandscapeLeft UIInterfaceOrientationLandscapeRight";
				LD_RUNPATH_SEARCH_PATHS = (
					"$(inherited)",
					"@executable_path/Frameworks",
				);
				MARKETING_VERSION = 1.0;
				PRODUCT_BUNDLE_IDENTIFIER = com.techit.LAB7.TutorialSwiftUI;
				PRODUCT_NAME = "$(TARGET_NAME)";
				SWIFT_EMIT_LOC_STRINGS = YES;
				SWIFT_VERSION = 5.0;
				TARGETED_DEVICE_FAMILY = "1,2";
			};
			name = Release;
		};
/* End XCBuildConfiguration section */

/* Begin XCConfigurationList section */
		41249C342BE0D146004A6AEC /* Build configuration list for PBXProject "TutorialSwiftUI" */ = {
			isa = XCConfigurationList;
			buildConfigurations = (
				41249C452BE0D148004A6AEC /* Debug */,
				41249C462BE0D148004A6AEC /* Release */,
			);
			defaultConfigurationIsVisible = 0;
			defaultConfigurationName = Release;
		};
		41249C472BE0D148004A6AEC /* Build configuration list for PBXNativeTarget "TutorialSwiftUI" */ = {
			isa = XCConfigurationList;
			buildConfigurations = (
				41249C482BE0D148004A6AEC /* Debug */,
				41249C492BE0D148004A6AEC /* Release */,
			);
			defaultConfigurationIsVisible = 0;
			defaultConfigurationName = Release;
		};
/* End XCConfigurationList section */
	};
	rootObject = 41249C312BE0D146004A6AEC /* Project object */;
}
