// !$*UTF8*$!
{
	archiveVersion = 1;
	classes = {
	};
	objectVersion = 56;
	objects = {

/* Begin PBXBuildFile section */
		411650F42BE1CC6A007A12C9 /* SheetView.swift in Sources */ = {isa = PBXBuildFile; fileRef = 411650F32BE1CC6A007A12C9 /* SheetView.swift */; };
		411650F82BE1E0C9007A12C9 /* FullScreenCoverView.swift in Sources */ = {isa = PBXBuildFile; fileRef = 411650F72BE1E0C9007A12C9 /* FullScreenCoverView.swift */; };
		411650FA2BE1F731007A12C9 /* PopoverView.swift in Sources */ = {isa = PBXBuildFile; fileRef = 411650F92BE1F731007A12C9 /* PopoverView.swift */; };
		411650FC2BE1FBEA007A12C9 /* ViewPorotocol.swift in Sources */ = {isa = PBXBuildFile; fileRef = 411650FB2BE1FBEA007A12C9 /* ViewPorotocol.swift */; };
		411650FE2BE20479007A12C9 /* AlertView.swift in Sources */ = {isa = PBXBuildFile; fileRef = 411650FD2BE20479007A12C9 /* AlertView.swift */; };
		411651012BE23FE5007A12C9 /* ColorView.swift in Sources */ = {isa = PBXBuildFile; fileRef = 411651002BE23FE5007A12C9 /* ColorView.swift */; };
		41249C3D2BE0D146004A6AEC /* TutorialSwiftUIApp.swift in Sources */ = {isa = PBXBuildFile; fileRef = 41249C3C2BE0D146004A6AEC /* TutorialSwiftUIApp.swift */; };
		41249C3F2BE0D146004A6AEC /* ContentView.swift in Sources */ = {isa = PBXBuildFile; fileRef = 41249C3E2BE0D146004A6AEC /* ContentView.swift */; };
		41249C412BE0D148004A6AEC /* Assets.xcassets in Resources */ = {isa = PBXBuildFile; fileRef = 41249C402BE0D148004A6AEC /* Assets.xcassets */; };
		41249C442BE0D148004A6AEC /* Preview Assets.xcassets in Resources */ = {isa = PBXBuildFile; fileRef = 41249C432BE0D148004A6AEC /* Preview Assets.xcassets */; };
		41249C4B2BE0D8DF004A6AEC /* ContentType.swift in Sources */ = {isa = PBXBuildFile; fileRef = 41249C4A2BE0D8DF004A6AEC /* ContentType.swift */; };
		41249C4D2BE0D8FE004A6AEC /* ControlType.swift in Sources */ = {isa = PBXBuildFile; fileRef = 41249C4C2BE0D8FE004A6AEC /* ControlType.swift */; };
		41249C4F2BE0DA4D004A6AEC /* ViewType.swift in Sources */ = {isa = PBXBuildFile; fileRef = 41249C4E2BE0DA4D004A6AEC /* ViewType.swift */; };
		41249C512BE0DADE004A6AEC /* NavigationType.swift in Sources */ = {isa = PBXBuildFile; fileRef = 41249C502BE0DADE004A6AEC /* NavigationType.swift */; };
		41249C532BE0DCD7004A6AEC /* CollectionsType.swift in Sources */ = {isa = PBXBuildFile; fileRef = 41249C522BE0DCD7004A6AEC /* CollectionsType.swift */; };
		41249C552BE0DD72004A6AEC /* LayoutType.swift in Sources */ = {isa = PBXBuildFile; fileRef = 41249C542BE0DD72004A6AEC /* LayoutType.swift */; };
		41249C572BE0DE06004A6AEC /* DesignType.swift in Sources */ = {isa = PBXBuildFile; fileRef = 41249C562BE0DE06004A6AEC /* DesignType.swift */; };
		41249C632BE0FF91004A6AEC /* SplashView.swift in Sources */ = {isa = PBXBuildFile; fileRef = 41249C622BE0FF91004A6AEC /* SplashView.swift */; };
		41249C692BE11DE8004A6AEC /* Lottie in Frameworks */ = {isa = PBXBuildFile; productRef = 41249C682BE11DE8004A6AEC /* Lottie */; };
		41B344FF2BE374EC00382695 /* GradientView.swift in Sources */ = {isa = PBXBuildFile; fileRef = 41B344FE2BE374EC00382695 /* GradientView.swift */; };
		41B345022BE3F07000382695 /* CodeEditor in Frameworks */ = {isa = PBXBuildFile; productRef = 41B345012BE3F07000382695 /* CodeEditor */; };
		41B345112BE3F65700382695 /* HighlightSwift in Frameworks */ = {isa = PBXBuildFile; productRef = 41B345102BE3F65700382695 /* HighlightSwift */; };
		41B345792BE4668E00382695 /* GridView.swift in Sources */ = {isa = PBXBuildFile; fileRef = 41B345702BE4668D00382695 /* GridView.swift */; };
		41B3457A2BE4668E00382695 /* HStackView.swift in Sources */ = {isa = PBXBuildFile; fileRef = 41B345712BE4668D00382695 /* HStackView.swift */; };
		41B3457B2BE4668E00382695 /* LazyHGridView.swift in Sources */ = {isa = PBXBuildFile; fileRef = 41B345722BE4668D00382695 /* LazyHGridView.swift */; };
		41B3457C2BE4668E00382695 /* LazyVGridView.swift in Sources */ = {isa = PBXBuildFile; fileRef = 41B345732BE4668D00382695 /* LazyVGridView.swift */; };
		41B3457D2BE4668E00382695 /* ScrollViewView.swift in Sources */ = {isa = PBXBuildFile; fileRef = 41B345742BE4668D00382695 /* ScrollViewView.swift */; };
		41B3457E2BE4668E00382695 /* TabViewView.swift in Sources */ = {isa = PBXBuildFile; fileRef = 41B345752BE4668D00382695 /* TabViewView.swift */; };
		41B3457F2BE4668E00382695 /* VStackView.swift in Sources */ = {isa = PBXBuildFile; fileRef = 41B345762BE4668D00382695 /* VStackView.swift */; };
		41B345802BE4668E00382695 /* ZStackView.swift in Sources */ = {isa = PBXBuildFile; fileRef = 41B345772BE4668D00382695 /* ZStackView.swift */; };
		41B3458A2BE4672100382695 /* DividerView.swift in Sources */ = {isa = PBXBuildFile; fileRef = 41B345812BE4672100382695 /* DividerView.swift */; };
		41B3458B2BE4672200382695 /* ImageView.swift in Sources */ = {isa = PBXBuildFile; fileRef = 41B345822BE4672100382695 /* ImageView.swift */; };
		41B3458C2BE4672200382695 /* LabelView.swift in Sources */ = {isa = PBXBuildFile; fileRef = 41B345832BE4672100382695 /* LabelView.swift */; };
		41B3458D2BE4672200382695 /* SFSymbolsView.swift in Sources */ = {isa = PBXBuildFile; fileRef = 41B345842BE4672100382695 /* SFSymbolsView.swift */; };
		41B3458E2BE4672200382695 /* ShapeView.swift in Sources */ = {isa = PBXBuildFile; fileRef = 41B345852BE4672100382695 /* ShapeView.swift */; };
		41B3458F2BE4672200382695 /* TextEditorView.swift in Sources */ = {isa = PBXBuildFile; fileRef = 41B345862BE4672100382695 /* TextEditorView.swift */; };
		41B345902BE4672200382695 /* TextFieldView.swift in Sources */ = {isa = PBXBuildFile; fileRef = 41B345872BE4672100382695 /* TextFieldView.swift */; };
		41B345912BE4672200382695 /* TextView.swift in Sources */ = {isa = PBXBuildFile; fileRef = 41B345882BE4672100382695 /* TextView.swift */; };
		41B345942BE4673800382695 /* QuizView.swift in Sources */ = {isa = PBXBuildFile; fileRef = 41B345922BE4673800382695 /* QuizView.swift */; };
		41B345B22BE46A3600382695 /* LinkContainer.swift in Sources */ = {isa = PBXBuildFile; fileRef = 41B345AA2BE46A3600382695 /* LinkContainer.swift */; };
		41B345B32BE46A3600382695 /* NavigationBarContatiner.swift in Sources */ = {isa = PBXBuildFile; fileRef = 41B345AB2BE46A3600382695 /* NavigationBarContatiner.swift */; };
		41B345B42BE46A3600382695 /* NavigationLinkContainer.swift in Sources */ = {isa = PBXBuildFile; fileRef = 41B345AC2BE46A3600382695 /* NavigationLinkContainer.swift */; };
		41B345B52BE46A3600382695 /* NavigationStackContatiner.swift in Sources */ = {isa = PBXBuildFile; fileRef = 41B345AD2BE46A3600382695 /* NavigationStackContatiner.swift */; };
		41B345B62BE46A3600382695 /* NavigationViewContatiner.swift in Sources */ = {isa = PBXBuildFile; fileRef = 41B345AE2BE46A3600382695 /* NavigationViewContatiner.swift */; };
		41B345B72BE46A3600382695 /* PassaviewContainerExample.swift in Sources */ = {isa = PBXBuildFile; fileRef = 41B345AF2BE46A3600382695 /* PassaviewContainerExample.swift */; };
		41B345B82BE46A3600382695 /* PassaviewContatiner.swift in Sources */ = {isa = PBXBuildFile; fileRef = 41B345B02BE46A3600382695 /* PassaviewContatiner.swift */; };
		41B345C32BE46ABF00382695 /* ButtonView.swift in Sources */ = {isa = PBXBuildFile; fileRef = 41B345B92BE46ABF00382695 /* ButtonView.swift */; };
		41B345C42BE46ABF00382695 /* ContextMenuView.swift in Sources */ = {isa = PBXBuildFile; fileRef = 41B345BA2BE46ABF00382695 /* ContextMenuView.swift */; };
		41B345C52BE46ABF00382695 /* MenuButton.swift in Sources */ = {isa = PBXBuildFile; fileRef = 41B345BB2BE46ABF00382695 /* MenuButton.swift */; };
		41B345C62BE46ABF00382695 /* MenuView.swift in Sources */ = {isa = PBXBuildFile; fileRef = 41B345BC2BE46ABF00382695 /* MenuView.swift */; };
		41B345C72BE46ABF00382695 /* PickerView.swift in Sources */ = {isa = PBXBuildFile; fileRef = 41B345BD2BE46ABF00382695 /* PickerView.swift */; };
		41B345C82BE46ABF00382695 /* SliderView.swift in Sources */ = {isa = PBXBuildFile; fileRef = 41B345BE2BE46ABF00382695 /* SliderView.swift */; };
		41B345C92BE46ABF00382695 /* StepperView.swift in Sources */ = {isa = PBXBuildFile; fileRef = 41B345BF2BE46ABF00382695 /* StepperView.swift */; };
		41B345CB2BE46ABF00382695 /* ToggleView.swift in Sources */ = {isa = PBXBuildFile; fileRef = 41B345C12BE46ABF00382695 /* ToggleView.swift */; };
		41B345CD2BE477E900382695 /* Swiftorial.json in Resources */ = {isa = PBXBuildFile; fileRef = 41B345CC2BE477E800382695 /* Swiftorial.json */; };
		CE83B6652BE0D6E100DDBDBE /* TemplateDetailView.swift in Sources */ = {isa = PBXBuildFile; fileRef = CE83B6642BE0D6E100DDBDBE /* TemplateDetailView.swift */; };
/* End PBXBuildFile section */

/* Begin PBXFileReference section */
		411650F32BE1CC6A007A12C9 /* SheetView.swift */ = {isa = PBXFileReference; lastKnownFileType = sourcecode.swift; path = SheetView.swift; sourceTree = "<group>"; };
		411650F72BE1E0C9007A12C9 /* FullScreenCoverView.swift */ = {isa = PBXFileReference; lastKnownFileType = sourcecode.swift; path = FullScreenCoverView.swift; sourceTree = "<group>"; };
		411650F92BE1F731007A12C9 /* PopoverView.swift */ = {isa = PBXFileReference; lastKnownFileType = sourcecode.swift; path = PopoverView.swift; sourceTree = "<group>"; };
		411650FB2BE1FBEA007A12C9 /* ViewPorotocol.swift */ = {isa = PBXFileReference; lastKnownFileType = sourcecode.swift; path = ViewPorotocol.swift; sourceTree = "<group>"; };
		411650FD2BE20479007A12C9 /* AlertView.swift */ = {isa = PBXFileReference; lastKnownFileType = sourcecode.swift; path = AlertView.swift; sourceTree = "<group>"; };
		411651002BE23FE5007A12C9 /* ColorView.swift */ = {isa = PBXFileReference; lastKnownFileType = sourcecode.swift; path = ColorView.swift; sourceTree = "<group>"; };
		41249C392BE0D146004A6AEC /* TutorialSwiftUI.app */ = {isa = PBXFileReference; explicitFileType = wrapper.application; includeInIndex = 0; path = TutorialSwiftUI.app; sourceTree = BUILT_PRODUCTS_DIR; };
		41249C3C2BE0D146004A6AEC /* TutorialSwiftUIApp.swift */ = {isa = PBXFileReference; lastKnownFileType = sourcecode.swift; path = TutorialSwiftUIApp.swift; sourceTree = "<group>"; };
		41249C3E2BE0D146004A6AEC /* ContentView.swift */ = {isa = PBXFileReference; lastKnownFileType = sourcecode.swift; path = ContentView.swift; sourceTree = "<group>"; };
		41249C402BE0D148004A6AEC /* Assets.xcassets */ = {isa = PBXFileReference; lastKnownFileType = folder.assetcatalog; path = Assets.xcassets; sourceTree = "<group>"; };
		41249C432BE0D148004A6AEC /* Preview Assets.xcassets */ = {isa = PBXFileReference; lastKnownFileType = folder.assetcatalog; path = "Preview Assets.xcassets"; sourceTree = "<group>"; };
		41249C4A2BE0D8DF004A6AEC /* ContentType.swift */ = {isa = PBXFileReference; lastKnownFileType = sourcecode.swift; path = ContentType.swift; sourceTree = "<group>"; };
		41249C4C2BE0D8FE004A6AEC /* ControlType.swift */ = {isa = PBXFileReference; lastKnownFileType = sourcecode.swift; path = ControlType.swift; sourceTree = "<group>"; };
		41249C4E2BE0DA4D004A6AEC /* ViewType.swift */ = {isa = PBXFileReference; lastKnownFileType = sourcecode.swift; path = ViewType.swift; sourceTree = "<group>"; };
		41249C502BE0DADE004A6AEC /* NavigationType.swift */ = {isa = PBXFileReference; lastKnownFileType = sourcecode.swift; path = NavigationType.swift; sourceTree = "<group>"; };
		41249C522BE0DCD7004A6AEC /* CollectionsType.swift */ = {isa = PBXFileReference; lastKnownFileType = sourcecode.swift; path = CollectionsType.swift; sourceTree = "<group>"; };
		41249C542BE0DD72004A6AEC /* LayoutType.swift */ = {isa = PBXFileReference; lastKnownFileType = sourcecode.swift; path = LayoutType.swift; sourceTree = "<group>"; };
		41249C562BE0DE06004A6AEC /* DesignType.swift */ = {isa = PBXFileReference; lastKnownFileType = sourcecode.swift; path = DesignType.swift; sourceTree = "<group>"; };
		41249C622BE0FF91004A6AEC /* SplashView.swift */ = {isa = PBXFileReference; lastKnownFileType = sourcecode.swift; path = SplashView.swift; sourceTree = "<group>"; };
		41B344FE2BE374EC00382695 /* GradientView.swift */ = {isa = PBXFileReference; lastKnownFileType = sourcecode.swift; path = GradientView.swift; sourceTree = "<group>"; };
		41B345702BE4668D00382695 /* GridView.swift */ = {isa = PBXFileReference; fileEncoding = 4; lastKnownFileType = sourcecode.swift; path = GridView.swift; sourceTree = "<group>"; };
		41B345712BE4668D00382695 /* HStackView.swift */ = {isa = PBXFileReference; fileEncoding = 4; lastKnownFileType = sourcecode.swift; path = HStackView.swift; sourceTree = "<group>"; };
		41B345722BE4668D00382695 /* LazyHGridView.swift */ = {isa = PBXFileReference; fileEncoding = 4; lastKnownFileType = sourcecode.swift; path = LazyHGridView.swift; sourceTree = "<group>"; };
		41B345732BE4668D00382695 /* LazyVGridView.swift */ = {isa = PBXFileReference; fileEncoding = 4; lastKnownFileType = sourcecode.swift; path = LazyVGridView.swift; sourceTree = "<group>"; };
		41B345742BE4668D00382695 /* ScrollViewView.swift */ = {isa = PBXFileReference; fileEncoding = 4; lastKnownFileType = sourcecode.swift; path = ScrollViewView.swift; sourceTree = "<group>"; };
		41B345752BE4668D00382695 /* TabViewView.swift */ = {isa = PBXFileReference; fileEncoding = 4; lastKnownFileType = sourcecode.swift; path = TabViewView.swift; sourceTree = "<group>"; };
		41B345762BE4668D00382695 /* VStackView.swift */ = {isa = PBXFileReference; fileEncoding = 4; lastKnownFileType = sourcecode.swift; path = VStackView.swift; sourceTree = "<group>"; };
		41B345772BE4668D00382695 /* ZStackView.swift */ = {isa = PBXFileReference; fileEncoding = 4; lastKnownFileType = sourcecode.swift; path = ZStackView.swift; sourceTree = "<group>"; };
		41B345812BE4672100382695 /* DividerView.swift */ = {isa = PBXFileReference; fileEncoding = 4; lastKnownFileType = sourcecode.swift; path = DividerView.swift; sourceTree = "<group>"; };
		41B345822BE4672100382695 /* ImageView.swift */ = {isa = PBXFileReference; fileEncoding = 4; lastKnownFileType = sourcecode.swift; path = ImageView.swift; sourceTree = "<group>"; };
		41B345832BE4672100382695 /* LabelView.swift */ = {isa = PBXFileReference; fileEncoding = 4; lastKnownFileType = sourcecode.swift; path = LabelView.swift; sourceTree = "<group>"; };
		41B345842BE4672100382695 /* SFSymbolsView.swift */ = {isa = PBXFileReference; fileEncoding = 4; lastKnownFileType = sourcecode.swift; path = SFSymbolsView.swift; sourceTree = "<group>"; };
		41B345852BE4672100382695 /* ShapeView.swift */ = {isa = PBXFileReference; fileEncoding = 4; lastKnownFileType = sourcecode.swift; path = ShapeView.swift; sourceTree = "<group>"; };
		41B345862BE4672100382695 /* TextEditorView.swift */ = {isa = PBXFileReference; fileEncoding = 4; lastKnownFileType = sourcecode.swift; path = TextEditorView.swift; sourceTree = "<group>"; };
		41B345872BE4672100382695 /* TextFieldView.swift */ = {isa = PBXFileReference; fileEncoding = 4; lastKnownFileType = sourcecode.swift; path = TextFieldView.swift; sourceTree = "<group>"; };
		41B345882BE4672100382695 /* TextView.swift */ = {isa = PBXFileReference; fileEncoding = 4; lastKnownFileType = sourcecode.swift; path = TextView.swift; sourceTree = "<group>"; };
		41B345922BE4673800382695 /* QuizView.swift */ = {isa = PBXFileReference; fileEncoding = 4; lastKnownFileType = sourcecode.swift; path = QuizView.swift; sourceTree = "<group>"; };
		41B345AA2BE46A3600382695 /* LinkContainer.swift */ = {isa = PBXFileReference; fileEncoding = 4; lastKnownFileType = sourcecode.swift; path = LinkContainer.swift; sourceTree = "<group>"; };
		41B345AB2BE46A3600382695 /* NavigationBarContatiner.swift */ = {isa = PBXFileReference; fileEncoding = 4; lastKnownFileType = sourcecode.swift; path = NavigationBarContatiner.swift; sourceTree = "<group>"; };
		41B345AC2BE46A3600382695 /* NavigationLinkContainer.swift */ = {isa = PBXFileReference; fileEncoding = 4; lastKnownFileType = sourcecode.swift; path = NavigationLinkContainer.swift; sourceTree = "<group>"; };
		41B345AD2BE46A3600382695 /* NavigationStackContatiner.swift */ = {isa = PBXFileReference; fileEncoding = 4; lastKnownFileType = sourcecode.swift; path = NavigationStackContatiner.swift; sourceTree = "<group>"; };
		41B345AE2BE46A3600382695 /* NavigationViewContatiner.swift */ = {isa = PBXFileReference; fileEncoding = 4; lastKnownFileType = sourcecode.swift; path = NavigationViewContatiner.swift; sourceTree = "<group>"; };
		41B345AF2BE46A3600382695 /* PassaviewContainerExample.swift */ = {isa = PBXFileReference; fileEncoding = 4; lastKnownFileType = sourcecode.swift; path = PassaviewContainerExample.swift; sourceTree = "<group>"; };
		41B345B02BE46A3600382695 /* PassaviewContatiner.swift */ = {isa = PBXFileReference; fileEncoding = 4; lastKnownFileType = sourcecode.swift; path = PassaviewContatiner.swift; sourceTree = "<group>"; };
		41B345B92BE46ABF00382695 /* ButtonView.swift */ = {isa = PBXFileReference; fileEncoding = 4; lastKnownFileType = sourcecode.swift; path = ButtonView.swift; sourceTree = "<group>"; };
		41B345BA2BE46ABF00382695 /* ContextMenuView.swift */ = {isa = PBXFileReference; fileEncoding = 4; lastKnownFileType = sourcecode.swift; path = ContextMenuView.swift; sourceTree = "<group>"; };
		41B345BB2BE46ABF00382695 /* MenuButton.swift */ = {isa = PBXFileReference; fileEncoding = 4; lastKnownFileType = sourcecode.swift; path = MenuButton.swift; sourceTree = "<group>"; };
		41B345BC2BE46ABF00382695 /* MenuView.swift */ = {isa = PBXFileReference; fileEncoding = 4; lastKnownFileType = sourcecode.swift; path = MenuView.swift; sourceTree = "<group>"; };
		41B345BD2BE46ABF00382695 /* PickerView.swift */ = {isa = PBXFileReference; fileEncoding = 4; lastKnownFileType = sourcecode.swift; path = PickerView.swift; sourceTree = "<group>"; };
		41B345BE2BE46ABF00382695 /* SliderView.swift */ = {isa = PBXFileReference; fileEncoding = 4; lastKnownFileType = sourcecode.swift; path = SliderView.swift; sourceTree = "<group>"; };
		41B345BF2BE46ABF00382695 /* StepperView.swift */ = {isa = PBXFileReference; fileEncoding = 4; lastKnownFileType = sourcecode.swift; path = StepperView.swift; sourceTree = "<group>"; };
		41B345C12BE46ABF00382695 /* ToggleView.swift */ = {isa = PBXFileReference; fileEncoding = 4; lastKnownFileType = sourcecode.swift; path = ToggleView.swift; sourceTree = "<group>"; };
		41B345CC2BE477E800382695 /* Swiftorial.json */ = {isa = PBXFileReference; fileEncoding = 4; lastKnownFileType = text.json; path = Swiftorial.json; sourceTree = "<group>"; };
		CE83B6642BE0D6E100DDBDBE /* TemplateDetailView.swift */ = {isa = PBXFileReference; lastKnownFileType = sourcecode.swift; path = TemplateDetailView.swift; sourceTree = "<group>"; };
/* End PBXFileReference section */

/* Begin PBXFrameworksBuildPhase section */
		41249C362BE0D146004A6AEC /* Frameworks */ = {
			isa = PBXFrameworksBuildPhase;
			buildActionMask = 2147483647;
			files = (
				41B345112BE3F65700382695 /* HighlightSwift in Frameworks */,
				41B345022BE3F07000382695 /* CodeEditor in Frameworks */,
				41249C692BE11DE8004A6AEC /* Lottie in Frameworks */,
			);
			runOnlyForDeploymentPostprocessing = 0;
		};
/* End PBXFrameworksBuildPhase section */

/* Begin PBXGroup section */
		411650F12BE1CC18007A12C9 /* Resource */ = {
			isa = PBXGroup;
			children = (
				41B345CC2BE477E800382695 /* Swiftorial.json */,
			);
			path = Resource;
			sourceTree = "<group>";
		};
		411650F22BE1CC5B007A12C9 /* View */ = {
			isa = PBXGroup;
			children = (
				411650F32BE1CC6A007A12C9 /* SheetView.swift */,
				411650F72BE1E0C9007A12C9 /* FullScreenCoverView.swift */,
				411650F92BE1F731007A12C9 /* PopoverView.swift */,
				411650FD2BE20479007A12C9 /* AlertView.swift */,
				411650FB2BE1FBEA007A12C9 /* ViewPorotocol.swift */,
			);
			path = View;
			sourceTree = "<group>";
		};
		411650FF2BE211A6007A12C9 /* Design */ = {
			isa = PBXGroup;
			children = (
				411651002BE23FE5007A12C9 /* ColorView.swift */,
				41B344FE2BE374EC00382695 /* GradientView.swift */,
			);
			path = Design;
			sourceTree = "<group>";
		};
		41249C302BE0D146004A6AEC = {
			isa = PBXGroup;
			children = (
				41249C3B2BE0D146004A6AEC /* TutorialSwiftUI */,
				41249C3A2BE0D146004A6AEC /* Products */,
				41B3450E2BE3F64A00382695 /* Frameworks */,
			);
			sourceTree = "<group>";
		};
		41249C3A2BE0D146004A6AEC /* Products */ = {
			isa = PBXGroup;
			children = (
				41249C392BE0D146004A6AEC /* TutorialSwiftUI.app */,
			);
			name = Products;
			sourceTree = "<group>";
		};
		41249C3B2BE0D146004A6AEC /* TutorialSwiftUI */ = {
			isa = PBXGroup;
			children = (
				41B345892BE4672100382695 /* Contents */,
				41B345C22BE46ABF00382695 /* Control */,
				411650F22BE1CC5B007A12C9 /* View */,
				41B345B12BE46A3600382695 /* Navigation */,
				41B345782BE4668D00382695 /* Collections */,
				411650FF2BE211A6007A12C9 /* Design */,
				41249C622BE0FF91004A6AEC /* SplashView.swift */,
				41249C3E2BE0D146004A6AEC /* ContentView.swift */,
				41249C3C2BE0D146004A6AEC /* TutorialSwiftUIApp.swift */,
				CE83B6642BE0D6E100DDBDBE /* TemplateDetailView.swift */,
				41B345932BE4673800382695 /* Quiz */,
				41249C402BE0D148004A6AEC /* Assets.xcassets */,
				41249C582BE0DE94004A6AEC /* Model */,
				41249C422BE0D148004A6AEC /* Preview Content */,
				411650F12BE1CC18007A12C9 /* Resource */,
			);
			path = TutorialSwiftUI;
			sourceTree = "<group>";
		};
		41249C422BE0D148004A6AEC /* Preview Content */ = {
			isa = PBXGroup;
			children = (
				41249C432BE0D148004A6AEC /* Preview Assets.xcassets */,
			);
			path = "Preview Content";
			sourceTree = "<group>";
		};
		41249C582BE0DE94004A6AEC /* Model */ = {
			isa = PBXGroup;
			children = (
				41249C542BE0DD72004A6AEC /* LayoutType.swift */,
				41249C522BE0DCD7004A6AEC /* CollectionsType.swift */,
				41249C562BE0DE06004A6AEC /* DesignType.swift */,
				41249C4A2BE0D8DF004A6AEC /* ContentType.swift */,
				41249C4C2BE0D8FE004A6AEC /* ControlType.swift */,
				41249C4E2BE0DA4D004A6AEC /* ViewType.swift */,
				41249C502BE0DADE004A6AEC /* NavigationType.swift */,
			);
			path = Model;
			sourceTree = "<group>";
		};
		41B3450E2BE3F64A00382695 /* Frameworks */ = {
			isa = PBXGroup;
			children = (
			);
			name = Frameworks;
			sourceTree = "<group>";
		};
		41B345782BE4668D00382695 /* Collections */ = {
			isa = PBXGroup;
			children = (
				41B345702BE4668D00382695 /* GridView.swift */,
				41B345712BE4668D00382695 /* HStackView.swift */,
				41B345722BE4668D00382695 /* LazyHGridView.swift */,
				41B345732BE4668D00382695 /* LazyVGridView.swift */,
				41B345742BE4668D00382695 /* ScrollViewView.swift */,
				41B345752BE4668D00382695 /* TabViewView.swift */,
				41B345762BE4668D00382695 /* VStackView.swift */,
				41B345772BE4668D00382695 /* ZStackView.swift */,
			);
			path = Collections;
			sourceTree = "<group>";
		};
		41B345892BE4672100382695 /* Contents */ = {
			isa = PBXGroup;
			children = (
				41B345812BE4672100382695 /* DividerView.swift */,
				41B345822BE4672100382695 /* ImageView.swift */,
				41B345832BE4672100382695 /* LabelView.swift */,
				41B345842BE4672100382695 /* SFSymbolsView.swift */,
				41B345852BE4672100382695 /* ShapeView.swift */,
				41B345862BE4672100382695 /* TextEditorView.swift */,
				41B345872BE4672100382695 /* TextFieldView.swift */,
				41B345882BE4672100382695 /* TextView.swift */,
			);
			path = Contents;
			sourceTree = "<group>";
		};
		41B345932BE4673800382695 /* Quiz */ = {
			isa = PBXGroup;
			children = (
				41B345922BE4673800382695 /* QuizView.swift */,
			);
			path = Quiz;
			sourceTree = "<group>";
		};
		41B345B12BE46A3600382695 /* Navigation */ = {
			isa = PBXGroup;
			children = (
				41B345AA2BE46A3600382695 /* LinkContainer.swift */,
				41B345AB2BE46A3600382695 /* NavigationBarContatiner.swift */,
				41B345AC2BE46A3600382695 /* NavigationLinkContainer.swift */,
				41B345AD2BE46A3600382695 /* NavigationStackContatiner.swift */,
				41B345AE2BE46A3600382695 /* NavigationViewContatiner.swift */,
				41B345AF2BE46A3600382695 /* PassaviewContainerExample.swift */,
				41B345B02BE46A3600382695 /* PassaviewContatiner.swift */,
			);
			path = Navigation;
			sourceTree = "<group>";
		};
		41B345C22BE46ABF00382695 /* Control */ = {
			isa = PBXGroup;
			children = (
				41B345BB2BE46ABF00382695 /* MenuButton.swift */,
				41B345B92BE46ABF00382695 /* ButtonView.swift */,
				41B345BC2BE46ABF00382695 /* MenuView.swift */,
				41B345BD2BE46ABF00382695 /* PickerView.swift */,
				41B345BE2BE46ABF00382695 /* SliderView.swift */,
				41B345BF2BE46ABF00382695 /* StepperView.swift */,
				41B345C12BE46ABF00382695 /* ToggleView.swift */,
				41B345BA2BE46ABF00382695 /* ContextMenuView.swift */,
			);
			path = Control;
			sourceTree = "<group>";
		};
/* End PBXGroup section */

/* Begin PBXNativeTarget section */
		41249C382BE0D146004A6AEC /* TutorialSwiftUI */ = {
			isa = PBXNativeTarget;
			buildConfigurationList = 41249C472BE0D148004A6AEC /* Build configuration list for PBXNativeTarget "TutorialSwiftUI" */;
			buildPhases = (
				41249C352BE0D146004A6AEC /* Sources */,
				41249C362BE0D146004A6AEC /* Frameworks */,
				41249C372BE0D146004A6AEC /* Resources */,
			);
			buildRules = (
			);
			dependencies = (
			);
			name = TutorialSwiftUI;
			packageProductDependencies = (
				41249C682BE11DE8004A6AEC /* Lottie */,
				41B345012BE3F07000382695 /* CodeEditor */,
				41B345102BE3F65700382695 /* HighlightSwift */,
			);
			productName = TutorialSwiftUI;
			productReference = 41249C392BE0D146004A6AEC /* TutorialSwiftUI.app */;
			productType = "com.apple.product-type.application";
		};
/* End PBXNativeTarget section */

/* Begin PBXProject section */
		41249C312BE0D146004A6AEC /* Project object */ = {
			isa = PBXProject;
			attributes = {
				BuildIndependentTargetsInParallel = 1;
				LastSwiftUpdateCheck = 1530;
				LastUpgradeCheck = 1530;
				TargetAttributes = {
					41249C382BE0D146004A6AEC = {
						CreatedOnToolsVersion = 15.3;
					};
				};
			};
			buildConfigurationList = 41249C342BE0D146004A6AEC /* Build configuration list for PBXProject "TutorialSwiftUI" */;
			compatibilityVersion = "Xcode 14.0";
			developmentRegion = en;
			hasScannedForEncodings = 0;
			knownRegions = (
				en,
				Base,
			);
			mainGroup = 41249C302BE0D146004A6AEC;
			packageReferences = (
				41249C592BE0FEEC004A6AEC /* XCRemoteSwiftPackageReference "lottie-ios" */,
				41B345002BE3F07000382695 /* XCRemoteSwiftPackageReference "CodeEditor" */,
				41B3450F2BE3F65700382695 /* XCRemoteSwiftPackageReference "highlightswift" */,
			);
			productRefGroup = 41249C3A2BE0D146004A6AEC /* Products */;
			projectDirPath = "";
			projectRoot = "";
			targets = (
				41249C382BE0D146004A6AEC /* TutorialSwiftUI */,
			);
		};
/* End PBXProject section */

/* Begin PBXResourcesBuildPhase section */
		41249C372BE0D146004A6AEC /* Resources */ = {
			isa = PBXResourcesBuildPhase;
			buildActionMask = 2147483647;
			files = (
				41249C442BE0D148004A6AEC /* Preview Assets.xcassets in Resources */,
				41249C412BE0D148004A6AEC /* Assets.xcassets in Resources */,
				41B345CD2BE477E900382695 /* Swiftorial.json in Resources */,
			);
			runOnlyForDeploymentPostprocessing = 0;
		};
/* End PBXResourcesBuildPhase section */

/* Begin PBXSourcesBuildPhase section */
		41249C352BE0D146004A6AEC /* Sources */ = {
			isa = PBXSourcesBuildPhase;
			buildActionMask = 2147483647;
			files = (
				41B345C32BE46ABF00382695 /* ButtonView.swift in Sources */,
				411650FA2BE1F731007A12C9 /* PopoverView.swift in Sources */,
				CE83B6652BE0D6E100DDBDBE /* TemplateDetailView.swift in Sources */,
				41B345912BE4672200382695 /* TextView.swift in Sources */,
				41B3457F2BE4668E00382695 /* VStackView.swift in Sources */,
				41B345802BE4668E00382695 /* ZStackView.swift in Sources */,
				411650FC2BE1FBEA007A12C9 /* ViewPorotocol.swift in Sources */,
				41B345942BE4673800382695 /* QuizView.swift in Sources */,
				41249C532BE0DCD7004A6AEC /* CollectionsType.swift in Sources */,
				41B345C82BE46ABF00382695 /* SliderView.swift in Sources */,
				41B3458C2BE4672200382695 /* LabelView.swift in Sources */,
				41B345C92BE46ABF00382695 /* StepperView.swift in Sources */,
				41249C3F2BE0D146004A6AEC /* ContentView.swift in Sources */,
				41B345B32BE46A3600382695 /* NavigationBarContatiner.swift in Sources */,
				41B3458A2BE4672100382695 /* DividerView.swift in Sources */,
				41B345792BE4668E00382695 /* GridView.swift in Sources */,
				41B3457A2BE4668E00382695 /* HStackView.swift in Sources */,
				41249C3D2BE0D146004A6AEC /* TutorialSwiftUIApp.swift in Sources */,
				41249C632BE0FF91004A6AEC /* SplashView.swift in Sources */,
				411651012BE23FE5007A12C9 /* ColorView.swift in Sources */,
				41B3457C2BE4668E00382695 /* LazyVGridView.swift in Sources */,
				41249C572BE0DE06004A6AEC /* DesignType.swift in Sources */,
				41B345CB2BE46ABF00382695 /* ToggleView.swift in Sources */,
				41249C552BE0DD72004A6AEC /* LayoutType.swift in Sources */,
				41249C4F2BE0DA4D004A6AEC /* ViewType.swift in Sources */,
				41B345B82BE46A3600382695 /* PassaviewContatiner.swift in Sources */,
				41B345C62BE46ABF00382695 /* MenuView.swift in Sources */,
				411650F82BE1E0C9007A12C9 /* FullScreenCoverView.swift in Sources */,
				41B345B42BE46A3600382695 /* NavigationLinkContainer.swift in Sources */,
				41B345902BE4672200382695 /* TextFieldView.swift in Sources */,
				41B345B22BE46A3600382695 /* LinkContainer.swift in Sources */,
				41249C4B2BE0D8DF004A6AEC /* ContentType.swift in Sources */,
				41B3458B2BE4672200382695 /* ImageView.swift in Sources */,
				41249C4D2BE0D8FE004A6AEC /* ControlType.swift in Sources */,
				41B3457B2BE4668E00382695 /* LazyHGridView.swift in Sources */,
				41B3458E2BE4672200382695 /* ShapeView.swift in Sources */,
				41B345C52BE46ABF00382695 /* MenuButton.swift in Sources */,
				41B3457E2BE4668E00382695 /* TabViewView.swift in Sources */,
				411650FE2BE20479007A12C9 /* AlertView.swift in Sources */,
				411650F42BE1CC6A007A12C9 /* SheetView.swift in Sources */,
				41B345C72BE46ABF00382695 /* PickerView.swift in Sources */,
				41249C512BE0DADE004A6AEC /* NavigationType.swift in Sources */,
				41B345B52BE46A3600382695 /* NavigationStackContatiner.swift in Sources */,
				41B345C42BE46ABF00382695 /* ContextMenuView.swift in Sources */,
				41B345B62BE46A3600382695 /* NavigationViewContatiner.swift in Sources */,
				41B345B72BE46A3600382695 /* PassaviewContainerExample.swift in Sources */,
				41B3458D2BE4672200382695 /* SFSymbolsView.swift in Sources */,
				41B344FF2BE374EC00382695 /* GradientView.swift in Sources */,
				41B3458F2BE4672200382695 /* TextEditorView.swift in Sources */,
				41B3457D2BE4668E00382695 /* ScrollViewView.swift in Sources */,
			);
			runOnlyForDeploymentPostprocessing = 0;
		};
/* End PBXSourcesBuildPhase section */

/* Begin XCBuildConfiguration section */
		41249C452BE0D148004A6AEC /* Debug */ = {
			isa = XCBuildConfiguration;
			buildSettings = {
				ALWAYS_SEARCH_USER_PATHS = NO;
				ASSETCATALOG_COMPILER_GENERATE_SWIFT_ASSET_SYMBOL_EXTENSIONS = YES;
				CLANG_ANALYZER_NONNULL = YES;
				CLANG_ANALYZER_NUMBER_OBJECT_CONVERSION = YES_AGGRESSIVE;
				CLANG_CXX_LANGUAGE_STANDARD = "gnu++20";
				CLANG_ENABLE_MODULES = YES;
				CLANG_ENABLE_OBJC_ARC = YES;
				CLANG_ENABLE_OBJC_WEAK = YES;
				CLANG_WARN_BLOCK_CAPTURE_AUTORELEASING = YES;
				CLANG_WARN_BOOL_CONVERSION = YES;
				CLANG_WARN_COMMA = YES;
				CLANG_WARN_CONSTANT_CONVERSION = YES;
				CLANG_WARN_DEPRECATED_OBJC_IMPLEMENTATIONS = YES;
				CLANG_WARN_DIRECT_OBJC_ISA_USAGE = YES_ERROR;
				CLANG_WARN_DOCUMENTATION_COMMENTS = YES;
				CLANG_WARN_EMPTY_BODY = YES;
				CLANG_WARN_ENUM_CONVERSION = YES;
				CLANG_WARN_INFINITE_RECURSION = YES;
				CLANG_WARN_INT_CONVERSION = YES;
				CLANG_WARN_NON_LITERAL_NULL_CONVERSION = YES;
				CLANG_WARN_OBJC_IMPLICIT_RETAIN_SELF = YES;
				CLANG_WARN_OBJC_LITERAL_CONVERSION = YES;
				CLANG_WARN_OBJC_ROOT_CLASS = YES_ERROR;
				CLANG_WARN_QUOTED_INCLUDE_IN_FRAMEWORK_HEADER = YES;
				CLANG_WARN_RANGE_LOOP_ANALYSIS = YES;
				CLANG_WARN_STRICT_PROTOTYPES = YES;
				CLANG_WARN_SUSPICIOUS_MOVE = YES;
				CLANG_WARN_UNGUARDED_AVAILABILITY = YES_AGGRESSIVE;
				CLANG_WARN_UNREACHABLE_CODE = YES;
				CLANG_WARN__DUPLICATE_METHOD_MATCH = YES;
				COPY_PHASE_STRIP = NO;
				DEBUG_INFORMATION_FORMAT = dwarf;
				ENABLE_STRICT_OBJC_MSGSEND = YES;
				ENABLE_TESTABILITY = YES;
				ENABLE_USER_SCRIPT_SANDBOXING = YES;
				GCC_C_LANGUAGE_STANDARD = gnu17;
				GCC_DYNAMIC_NO_PIC = NO;
				GCC_NO_COMMON_BLOCKS = YES;
				GCC_OPTIMIZATION_LEVEL = 0;
				GCC_PREPROCESSOR_DEFINITIONS = (
					"DEBUG=1",
					"$(inherited)",
				);
				GCC_WARN_64_TO_32_BIT_CONVERSION = YES;
				GCC_WARN_ABOUT_RETURN_TYPE = YES_ERROR;
				GCC_WARN_UNDECLARED_SELECTOR = YES;
				GCC_WARN_UNINITIALIZED_AUTOS = YES_AGGRESSIVE;
				GCC_WARN_UNUSED_FUNCTION = YES;
				GCC_WARN_UNUSED_VARIABLE = YES;
				IPHONEOS_DEPLOYMENT_TARGET = 17.4;
				LOCALIZATION_PREFERS_STRING_CATALOGS = YES;
				MTL_ENABLE_DEBUG_INFO = INCLUDE_SOURCE;
				MTL_FAST_MATH = YES;
				ONLY_ACTIVE_ARCH = YES;
				SDKROOT = iphoneos;
				SWIFT_ACTIVE_COMPILATION_CONDITIONS = "DEBUG $(inherited)";
				SWIFT_OPTIMIZATION_LEVEL = "-Onone";
			};
			name = Debug;
		};
		41249C462BE0D148004A6AEC /* Release */ = {
			isa = XCBuildConfiguration;
			buildSettings = {
				ALWAYS_SEARCH_USER_PATHS = NO;
				ASSETCATALOG_COMPILER_GENERATE_SWIFT_ASSET_SYMBOL_EXTENSIONS = YES;
				CLANG_ANALYZER_NONNULL = YES;
				CLANG_ANALYZER_NUMBER_OBJECT_CONVERSION = YES_AGGRESSIVE;
				CLANG_CXX_LANGUAGE_STANDARD = "gnu++20";
				CLANG_ENABLE_MODULES = YES;
				CLANG_ENABLE_OBJC_ARC = YES;
				CLANG_ENABLE_OBJC_WEAK = YES;
				CLANG_WARN_BLOCK_CAPTURE_AUTORELEASING = YES;
				CLANG_WARN_BOOL_CONVERSION = YES;
				CLANG_WARN_COMMA = YES;
				CLANG_WARN_CONSTANT_CONVERSION = YES;
				CLANG_WARN_DEPRECATED_OBJC_IMPLEMENTATIONS = YES;
				CLANG_WARN_DIRECT_OBJC_ISA_USAGE = YES_ERROR;
				CLANG_WARN_DOCUMENTATION_COMMENTS = YES;
				CLANG_WARN_EMPTY_BODY = YES;
				CLANG_WARN_ENUM_CONVERSION = YES;
				CLANG_WARN_INFINITE_RECURSION = YES;
				CLANG_WARN_INT_CONVERSION = YES;
				CLANG_WARN_NON_LITERAL_NULL_CONVERSION = YES;
				CLANG_WARN_OBJC_IMPLICIT_RETAIN_SELF = YES;
				CLANG_WARN_OBJC_LITERAL_CONVERSION = YES;
				CLANG_WARN_OBJC_ROOT_CLASS = YES_ERROR;
				CLANG_WARN_QUOTED_INCLUDE_IN_FRAMEWORK_HEADER = YES;
				CLANG_WARN_RANGE_LOOP_ANALYSIS = YES;
				CLANG_WARN_STRICT_PROTOTYPES = YES;
				CLANG_WARN_SUSPICIOUS_MOVE = YES;
				CLANG_WARN_UNGUARDED_AVAILABILITY = YES_AGGRESSIVE;
				CLANG_WARN_UNREACHABLE_CODE = YES;
				CLANG_WARN__DUPLICATE_METHOD_MATCH = YES;
				COPY_PHASE_STRIP = NO;
				DEBUG_INFORMATION_FORMAT = "dwarf-with-dsym";
				ENABLE_NS_ASSERTIONS = NO;
				ENABLE_STRICT_OBJC_MSGSEND = YES;
				ENABLE_USER_SCRIPT_SANDBOXING = YES;
				GCC_C_LANGUAGE_STANDARD = gnu17;
				GCC_NO_COMMON_BLOCKS = YES;
				GCC_WARN_64_TO_32_BIT_CONVERSION = YES;
				GCC_WARN_ABOUT_RETURN_TYPE = YES_ERROR;
				GCC_WARN_UNDECLARED_SELECTOR = YES;
				GCC_WARN_UNINITIALIZED_AUTOS = YES_AGGRESSIVE;
				GCC_WARN_UNUSED_FUNCTION = YES;
				GCC_WARN_UNUSED_VARIABLE = YES;
				IPHONEOS_DEPLOYMENT_TARGET = 17.4;
				LOCALIZATION_PREFERS_STRING_CATALOGS = YES;
				MTL_ENABLE_DEBUG_INFO = NO;
				MTL_FAST_MATH = YES;
				SDKROOT = iphoneos;
				SWIFT_COMPILATION_MODE = wholemodule;
				VALIDATE_PRODUCT = YES;
			};
			name = Release;
		};
		41249C482BE0D148004A6AEC /* Debug */ = {
			isa = XCBuildConfiguration;
			buildSettings = {
				ASSETCATALOG_COMPILER_APPICON_NAME = AppIcon;
				ASSETCATALOG_COMPILER_GLOBAL_ACCENT_COLOR_NAME = AccentColor;
				CODE_SIGN_STYLE = Automatic;
				CURRENT_PROJECT_VERSION = 1;
				DEVELOPMENT_ASSET_PATHS = "\"TutorialSwiftUI/Preview Content\"";
				DEVELOPMENT_TEAM = 9UU59NTC96;
				ENABLE_PREVIEWS = YES;
				GENERATE_INFOPLIST_FILE = YES;
				INFOPLIST_KEY_UIApplicationSceneManifest_Generation = YES;
				INFOPLIST_KEY_UIApplicationSupportsIndirectInputEvents = YES;
				INFOPLIST_KEY_UILaunchScreen_Generation = YES;
				INFOPLIST_KEY_UISupportedInterfaceOrientations_iPad = "UIInterfaceOrientationPortrait UIInterfaceOrientationPortraitUpsideDown UIInterfaceOrientationLandscapeLeft UIInterfaceOrientationLandscapeRight";
				INFOPLIST_KEY_UISupportedInterfaceOrientations_iPhone = "UIInterfaceOrientationPortrait UIInterfaceOrientationLandscapeLeft UIInterfaceOrientationLandscapeRight";
				IPHONEOS_DEPLOYMENT_TARGET = 17.4;
				LD_RUNPATH_SEARCH_PATHS = (
					"$(inherited)",
					"@executable_path/Frameworks",
				);
				MARKETING_VERSION = 1.0;
				PRODUCT_BUNDLE_IDENTIFIER = com.techit.LAB7.TutorialSwiftUI;
				PRODUCT_NAME = "$(TARGET_NAME)";
				SWIFT_EMIT_LOC_STRINGS = YES;
				SWIFT_VERSION = 5.0;
				TARGETED_DEVICE_FAMILY = "1,2";
			};
			name = Debug;
		};
		41249C492BE0D148004A6AEC /* Release */ = {
			isa = XCBuildConfiguration;
			buildSettings = {
				ASSETCATALOG_COMPILER_APPICON_NAME = AppIcon;
				ASSETCATALOG_COMPILER_GLOBAL_ACCENT_COLOR_NAME = AccentColor;
				CODE_SIGN_STYLE = Automatic;
				CURRENT_PROJECT_VERSION = 1;
				DEVELOPMENT_ASSET_PATHS = "\"TutorialSwiftUI/Preview Content\"";
				DEVELOPMENT_TEAM = 9UU59NTC96;
				ENABLE_PREVIEWS = YES;
				GENERATE_INFOPLIST_FILE = YES;
				INFOPLIST_KEY_UIApplicationSceneManifest_Generation = YES;
				INFOPLIST_KEY_UIApplicationSupportsIndirectInputEvents = YES;
				INFOPLIST_KEY_UILaunchScreen_Generation = YES;
				INFOPLIST_KEY_UISupportedInterfaceOrientations_iPad = "UIInterfaceOrientationPortrait UIInterfaceOrientationPortraitUpsideDown UIInterfaceOrientationLandscapeLeft UIInterfaceOrientationLandscapeRight";
				INFOPLIST_KEY_UISupportedInterfaceOrientations_iPhone = "UIInterfaceOrientationPortrait UIInterfaceOrientationLandscapeLeft UIInterfaceOrientationLandscapeRight";
				IPHONEOS_DEPLOYMENT_TARGET = 17.4;
				LD_RUNPATH_SEARCH_PATHS = (
					"$(inherited)",
					"@executable_path/Frameworks",
				);
				MARKETING_VERSION = 1.0;
				PRODUCT_BUNDLE_IDENTIFIER = com.techit.LAB7.TutorialSwiftUI;
				PRODUCT_NAME = "$(TARGET_NAME)";
				SWIFT_EMIT_LOC_STRINGS = YES;
				SWIFT_VERSION = 5.0;
				TARGETED_DEVICE_FAMILY = "1,2";
			};
			name = Release;
		};
/* End XCBuildConfiguration section */

/* Begin XCConfigurationList section */
		41249C342BE0D146004A6AEC /* Build configuration list for PBXProject "TutorialSwiftUI" */ = {
			isa = XCConfigurationList;
			buildConfigurations = (
				41249C452BE0D148004A6AEC /* Debug */,
				41249C462BE0D148004A6AEC /* Release */,
			);
			defaultConfigurationIsVisible = 0;
			defaultConfigurationName = Release;
		};
		41249C472BE0D148004A6AEC /* Build configuration list for PBXNativeTarget "TutorialSwiftUI" */ = {
			isa = XCConfigurationList;
			buildConfigurations = (
				41249C482BE0D148004A6AEC /* Debug */,
				41249C492BE0D148004A6AEC /* Release */,
			);
			defaultConfigurationIsVisible = 0;
			defaultConfigurationName = Release;
		};
/* End XCConfigurationList section */

/* Begin XCRemoteSwiftPackageReference section */
		41249C592BE0FEEC004A6AEC /* XCRemoteSwiftPackageReference "lottie-ios" */ = {
			isa = XCRemoteSwiftPackageReference;
			repositoryURL = "https://github.com/airbnb/lottie-ios.git";
			requirement = {
				kind = upToNextMajorVersion;
				minimumVersion = 4.4.3;
			};
		};
		41B345002BE3F07000382695 /* XCRemoteSwiftPackageReference "CodeEditor" */ = {
			isa = XCRemoteSwiftPackageReference;
			repositoryURL = "https://github.com/ZeeZide/CodeEditor.git";
			requirement = {
				kind = upToNextMajorVersion;
				minimumVersion = 1.2.4;
			};
		};
		41B3450F2BE3F65700382695 /* XCRemoteSwiftPackageReference "highlightswift" */ = {
			isa = XCRemoteSwiftPackageReference;
			repositoryURL = "https://github.com/appstefan/highlightswift";
			requirement = {
				kind = upToNextMajorVersion;
				minimumVersion = 1.0.7;
			};
		};
/* End XCRemoteSwiftPackageReference section */

/* Begin XCSwiftPackageProductDependency section */
		41249C682BE11DE8004A6AEC /* Lottie */ = {
			isa = XCSwiftPackageProductDependency;
			package = 41249C592BE0FEEC004A6AEC /* XCRemoteSwiftPackageReference "lottie-ios" */;
			productName = Lottie;
		};
		41B345012BE3F07000382695 /* CodeEditor */ = {
			isa = XCSwiftPackageProductDependency;
			package = 41B345002BE3F07000382695 /* XCRemoteSwiftPackageReference "CodeEditor" */;
			productName = CodeEditor;
		};
		41B345102BE3F65700382695 /* HighlightSwift */ = {
			isa = XCSwiftPackageProductDependency;
			package = 41B3450F2BE3F65700382695 /* XCRemoteSwiftPackageReference "highlightswift" */;
			productName = HighlightSwift;
		};
/* End XCSwiftPackageProductDependency section */
	};
	rootObject = 41249C312BE0D146004A6AEC /* Project object */;
}
